
Microsoft Visual Studio Solution File, Format Version 12.00
Project("{FAE04EC0-301F-11D3-BF4B-00C04F79EFBC}") = "GenerativeGrammar", "GenerativeGrammar\GenerativeGrammar.csproj", "{5A8A976E-BE0B-4E6A-89EB-EEAE750E71F9}"
EndProject
Global
	GlobalSection(SolutionConfigurationPlatforms) = preSolution
		Debug|Any CPU = Debug|Any CPU
		Release|Any CPU = Release|Any CPU
	EndGlobalSection
	GlobalSection(ProjectConfigurationPlatforms) = postSolution
		{5A8A976E-BE0B-4E6A-89EB-EEAE750E71F9}.Debug|Any CPU.ActiveCfg = Debug|Any CPU
		{5A8A976E-BE0B-4E6A-89EB-EEAE750E71F9}.Debug|Any CPU.Build.0 = Debug|Any CPU
		{5A8A976E-BE0B-4E6A-89EB-EEAE750E71F9}.Release|Any CPU.ActiveCfg = Release|Any CPU
		{5A8A976E-BE0B-4E6A-89EB-EEAE750E71F9}.Release|Any CPU.Build.0 = Release|Any CPU
	EndGlobalSection
EndGlobal
